// !$*UTF8*$!
{
	archiveVersion = 1;
	classes = {
	};
	objectVersion = 55;
	objects = {

/* Begin PBXBuildFile section */
		00A7C6ED27013268007855B2 /* HelloAppleWatch WatchKit App.app in Embed Watch Content */ = {isa = PBXBuildFile; fileRef = 00A7C6EC27013268007855B2 /* HelloAppleWatch WatchKit App.app */; settings = {ATTRIBUTES = (RemoveHeadersOnCopy, ); }; };
		00A7C6F227013269007855B2 /* Assets.xcassets in Resources */ = {isa = PBXBuildFile; fileRef = 00A7C6F127013269007855B2 /* Assets.xcassets */; };
		00A7C6F827013269007855B2 /* HelloAppleWatch WatchKit Extension.appex in Embed App Extensions */ = {isa = PBXBuildFile; fileRef = 00A7C6F727013269007855B2 /* HelloAppleWatch WatchKit Extension.appex */; settings = {ATTRIBUTES = (RemoveHeadersOnCopy, ); }; };
		00A7C6FD27013269007855B2 /* ContentView.swift in Sources */ = {isa = PBXBuildFile; fileRef = 00A7C6FC27013269007855B2 /* ContentView.swift */; };
		00A7C6FF27013269007855B2 /* HelloAppleWatchApp.swift in Sources */ = {isa = PBXBuildFile; fileRef = 00A7C6FE27013269007855B2 /* HelloAppleWatchApp.swift */; };
		00A7C70127013269007855B2 /* ComplicationController.swift in Sources */ = {isa = PBXBuildFile; fileRef = 00A7C70027013269007855B2 /* ComplicationController.swift */; };
		00A7C7032701326A007855B2 /* Assets.xcassets in Resources */ = {isa = PBXBuildFile; fileRef = 00A7C7022701326A007855B2 /* Assets.xcassets */; };
		00A7C7062701326A007855B2 /* Preview Assets.xcassets in Resources */ = {isa = PBXBuildFile; fileRef = 00A7C7052701326A007855B2 /* Preview Assets.xcassets */; };
/* End PBXBuildFile section */

/* Begin PBXContainerItemProxy section */
		00A7C6EE27013268007855B2 /* PBXContainerItemProxy */ = {
			isa = PBXContainerItemProxy;
			containerPortal = 00A7C6E227013268007855B2 /* Project object */;
			proxyType = 1;
			remoteGlobalIDString = 00A7C6EB27013268007855B2;
			remoteInfo = "HelloAppleWatch WatchKit App";
		};
		00A7C6F927013269007855B2 /* PBXContainerItemProxy */ = {
			isa = PBXContainerItemProxy;
			containerPortal = 00A7C6E227013268007855B2 /* Project object */;
			proxyType = 1;
			remoteGlobalIDString = 00A7C6F627013269007855B2;
			remoteInfo = "HelloAppleWatch WatchKit Extension";
		};
/* End PBXContainerItemProxy section */

/* Begin PBXCopyFilesBuildPhase section */
		00A7C70D2701326A007855B2 /* Embed App Extensions */ = {
			isa = PBXCopyFilesBuildPhase;
			buildActionMask = 2147483647;
			dstPath = "";
			dstSubfolderSpec = 13;
			files = (
				00A7C6F827013269007855B2 /* HelloAppleWatch WatchKit Extension.appex in Embed App Extensions */,
			);
			name = "Embed App Extensions";
			runOnlyForDeploymentPostprocessing = 0;
		};
		00A7C7112701326A007855B2 /* Embed Watch Content */ = {
			isa = PBXCopyFilesBuildPhase;
			buildActionMask = 2147483647;
			dstPath = "$(CONTENTS_FOLDER_PATH)/Watch";
			dstSubfolderSpec = 16;
			files = (
				00A7C6ED27013268007855B2 /* HelloAppleWatch WatchKit App.app in Embed Watch Content */,
			);
			name = "Embed Watch Content";
			runOnlyForDeploymentPostprocessing = 0;
		};
/* End PBXCopyFilesBuildPhase section */

/* Begin PBXFileReference section */
		00A7C6E827013268007855B2 /* HelloAppleWatch.app */ = {isa = PBXFileReference; explicitFileType = wrapper.application; includeInIndex = 0; path = HelloAppleWatch.app; sourceTree = BUILT_PRODUCTS_DIR; };
		00A7C6EC27013268007855B2 /* HelloAppleWatch WatchKit App.app */ = {isa = PBXFileReference; explicitFileType = wrapper.application; includeInIndex = 0; path = "HelloAppleWatch WatchKit App.app"; sourceTree = BUILT_PRODUCTS_DIR; };
		00A7C6F127013269007855B2 /* Assets.xcassets */ = {isa = PBXFileReference; lastKnownFileType = folder.assetcatalog; path = Assets.xcassets; sourceTree = "<group>"; };
		00A7C6F727013269007855B2 /* HelloAppleWatch WatchKit Extension.appex */ = {isa = PBXFileReference; explicitFileType = "wrapper.app-extension"; includeInIndex = 0; path = "HelloAppleWatch WatchKit Extension.appex"; sourceTree = BUILT_PRODUCTS_DIR; };
		00A7C6FC27013269007855B2 /* ContentView.swift */ = {isa = PBXFileReference; lastKnownFileType = sourcecode.swift; path = ContentView.swift; sourceTree = "<group>"; };
		00A7C6FE27013269007855B2 /* HelloAppleWatchApp.swift */ = {isa = PBXFileReference; lastKnownFileType = sourcecode.swift; path = HelloAppleWatchApp.swift; sourceTree = "<group>"; };
		00A7C70027013269007855B2 /* ComplicationController.swift */ = {isa = PBXFileReference; lastKnownFileType = sourcecode.swift; path = ComplicationController.swift; sourceTree = "<group>"; };
		00A7C7022701326A007855B2 /* Assets.xcassets */ = {isa = PBXFileReference; lastKnownFileType = folder.assetcatalog; path = Assets.xcassets; sourceTree = "<group>"; };
		00A7C7052701326A007855B2 /* Preview Assets.xcassets */ = {isa = PBXFileReference; lastKnownFileType = folder.assetcatalog; path = "Preview Assets.xcassets"; sourceTree = "<group>"; };
		00A7C7072701326A007855B2 /* Info.plist */ = {isa = PBXFileReference; lastKnownFileType = text.plist.xml; path = Info.plist; sourceTree = "<group>"; };
/* End PBXFileReference section */

/* Begin PBXFrameworksBuildPhase section */
		00A7C6F427013269007855B2 /* Frameworks */ = {
			isa = PBXFrameworksBuildPhase;
			buildActionMask = 2147483647;
			files = (
			);
			runOnlyForDeploymentPostprocessing = 0;
		};
/* End PBXFrameworksBuildPhase section */

/* Begin PBXGroup section */
		00A7C6E127013268007855B2 = {
			isa = PBXGroup;
			children = (
				00A7C6F027013268007855B2 /* HelloAppleWatch WatchKit App */,
				00A7C6FB27013269007855B2 /* HelloAppleWatch WatchKit Extension */,
				00A7C6E927013268007855B2 /* Products */,
			);
			sourceTree = "<group>";
		};
		00A7C6E927013268007855B2 /* Products */ = {
			isa = PBXGroup;
			children = (
				00A7C6E827013268007855B2 /* HelloAppleWatch.app */,
				00A7C6EC27013268007855B2 /* HelloAppleWatch WatchKit App.app */,
				00A7C6F727013269007855B2 /* HelloAppleWatch WatchKit Extension.appex */,
			);
			name = Products;
			sourceTree = "<group>";
		};
		00A7C6F027013268007855B2 /* HelloAppleWatch WatchKit App */ = {
			isa = PBXGroup;
			children = (
				00A7C6F127013269007855B2 /* Assets.xcassets */,
			);
			path = "HelloAppleWatch WatchKit App";
			sourceTree = "<group>";
		};
		00A7C6FB27013269007855B2 /* HelloAppleWatch WatchKit Extension */ = {
			isa = PBXGroup;
			children = (
				00A7C6FC27013269007855B2 /* ContentView.swift */,
				00A7C6FE27013269007855B2 /* HelloAppleWatchApp.swift */,
				00A7C70027013269007855B2 /* ComplicationController.swift */,
				00A7C7022701326A007855B2 /* Assets.xcassets */,
				00A7C7072701326A007855B2 /* Info.plist */,
				00A7C7042701326A007855B2 /* Preview Content */,
			);
			path = "HelloAppleWatch WatchKit Extension";
			sourceTree = "<group>";
		};
		00A7C7042701326A007855B2 /* Preview Content */ = {
			isa = PBXGroup;
			children = (
				00A7C7052701326A007855B2 /* Preview Assets.xcassets */,
			);
			path = "Preview Content";
			sourceTree = "<group>";
		};
/* End PBXGroup section */

/* Begin PBXNativeTarget section */
		00A7C6E727013268007855B2 /* HelloAppleWatch */ = {
			isa = PBXNativeTarget;
			buildConfigurationList = 00A7C7122701326A007855B2 /* Build configuration list for PBXNativeTarget "HelloAppleWatch" */;
			buildPhases = (
				00A7C6E627013268007855B2 /* Resources */,
				00A7C7112701326A007855B2 /* Embed Watch Content */,
			);
			buildRules = (
			);
			dependencies = (
				00A7C6EF27013268007855B2 /* PBXTargetDependency */,
			);
			name = HelloAppleWatch;
			productName = HelloAppleWatch;
			productReference = 00A7C6E827013268007855B2 /* HelloAppleWatch.app */;
			productType = "com.apple.product-type.application.watchapp2-container";
		};
		00A7C6EB27013268007855B2 /* HelloAppleWatch WatchKit App */ = {
			isa = PBXNativeTarget;
			buildConfigurationList = 00A7C70E2701326A007855B2 /* Build configuration list for PBXNativeTarget "HelloAppleWatch WatchKit App" */;
			buildPhases = (
				00A7C6EA27013268007855B2 /* Resources */,
				00A7C70D2701326A007855B2 /* Embed App Extensions */,
			);
			buildRules = (
			);
			dependencies = (
				00A7C6FA27013269007855B2 /* PBXTargetDependency */,
			);
			name = "HelloAppleWatch WatchKit App";
			productName = "HelloAppleWatch WatchKit App";
			productReference = 00A7C6EC27013268007855B2 /* HelloAppleWatch WatchKit App.app */;
			productType = "com.apple.product-type.application.watchapp2";
		};
		00A7C6F627013269007855B2 /* HelloAppleWatch WatchKit Extension */ = {
			isa = PBXNativeTarget;
			buildConfigurationList = 00A7C70A2701326A007855B2 /* Build configuration list for PBXNativeTarget "HelloAppleWatch WatchKit Extension" */;
			buildPhases = (
				00A7C6F327013269007855B2 /* Sources */,
				00A7C6F427013269007855B2 /* Frameworks */,
				00A7C6F527013269007855B2 /* Resources */,
			);
			buildRules = (
			);
			dependencies = (
			);
			name = "HelloAppleWatch WatchKit Extension";
			productName = "HelloAppleWatch WatchKit Extension";
			productReference = 00A7C6F727013269007855B2 /* HelloAppleWatch WatchKit Extension.appex */;
			productType = "com.apple.product-type.watchkit2-extension";
		};
/* End PBXNativeTarget section */

/* Begin PBXProject section */
		00A7C6E227013268007855B2 /* Project object */ = {
			isa = PBXProject;
			attributes = {
				BuildIndependentTargetsInParallel = 1;
				LastSwiftUpdateCheck = 1300;
				LastUpgradeCheck = 1300;
				TargetAttributes = {
					00A7C6E727013268007855B2 = {
						CreatedOnToolsVersion = 13.0;
					};
					00A7C6EB27013268007855B2 = {
						CreatedOnToolsVersion = 13.0;
					};
					00A7C6F627013269007855B2 = {
						CreatedOnToolsVersion = 13.0;
					};
				};
			};
			buildConfigurationList = 00A7C6E527013268007855B2 /* Build configuration list for PBXProject "HelloAppleWatch" */;
			compatibilityVersion = "Xcode 13.0";
			developmentRegion = en;
			hasScannedForEncodings = 0;
			knownRegions = (
				en,
				Base,
			);
			mainGroup = 00A7C6E127013268007855B2;
			productRefGroup = 00A7C6E927013268007855B2 /* Products */;
			projectDirPath = "";
			projectRoot = "";
			targets = (
				00A7C6E727013268007855B2 /* HelloAppleWatch */,
				00A7C6EB27013268007855B2 /* HelloAppleWatch WatchKit App */,
				00A7C6F627013269007855B2 /* HelloAppleWatch WatchKit Extension */,
			);
		};
/* End PBXProject section */

/* Begin PBXResourcesBuildPhase section */
		00A7C6E627013268007855B2 /* Resources */ = {
			isa = PBXResourcesBuildPhase;
			buildActionMask = 2147483647;
			files = (
			);
			runOnlyForDeploymentPostprocessing = 0;
		};
		00A7C6EA27013268007855B2 /* Resources */ = {
			isa = PBXResourcesBuildPhase;
			buildActionMask = 2147483647;
			files = (
				00A7C6F227013269007855B2 /* Assets.xcassets in Resources */,
			);
			runOnlyForDeploymentPostprocessing = 0;
		};
		00A7C6F527013269007855B2 /* Resources */ = {
			isa = PBXResourcesBuildPhase;
			buildActionMask = 2147483647;
			files = (
				00A7C7062701326A007855B2 /* Preview Assets.xcassets in Resources */,
				00A7C7032701326A007855B2 /* Assets.xcassets in Resources */,
			);
			runOnlyForDeploymentPostprocessing = 0;
		};
/* End PBXResourcesBuildPhase section */

/* Begin PBXSourcesBuildPhase section */
		00A7C6F327013269007855B2 /* Sources */ = {
			isa = PBXSourcesBuildPhase;
			buildActionMask = 2147483647;
			files = (
				00A7C6FD27013269007855B2 /* ContentView.swift in Sources */,
				00A7C6FF27013269007855B2 /* HelloAppleWatchApp.swift in Sources */,
				00A7C70127013269007855B2 /* ComplicationController.swift in Sources */,
			);
			runOnlyForDeploymentPostprocessing = 0;
		};
/* End PBXSourcesBuildPhase section */

/* Begin PBXTargetDependency section */
		00A7C6EF27013268007855B2 /* PBXTargetDependency */ = {
			isa = PBXTargetDependency;
			target = 00A7C6EB27013268007855B2 /* HelloAppleWatch WatchKit App */;
			targetProxy = 00A7C6EE27013268007855B2 /* PBXContainerItemProxy */;
		};
		00A7C6FA27013269007855B2 /* PBXTargetDependency */ = {
			isa = PBXTargetDependency;
			target = 00A7C6F627013269007855B2 /* HelloAppleWatch WatchKit Extension */;
			targetProxy = 00A7C6F927013269007855B2 /* PBXContainerItemProxy */;
		};
/* End PBXTargetDependency section */

/* Begin XCBuildConfiguration section */
		00A7C7082701326A007855B2 /* Debug */ = {
			isa = XCBuildConfiguration;
			buildSettings = {
				ALWAYS_SEARCH_USER_PATHS = NO;
				CLANG_ANALYZER_NONNULL = YES;
				CLANG_ANALYZER_NUMBER_OBJECT_CONVERSION = YES_AGGRESSIVE;
				CLANG_CXX_LANGUAGE_STANDARD = "gnu++17";
				CLANG_CXX_LIBRARY = "libc++";
				CLANG_ENABLE_MODULES = YES;
				CLANG_ENABLE_OBJC_ARC = YES;
				CLANG_ENABLE_OBJC_WEAK = YES;
				CLANG_WARN_BLOCK_CAPTURE_AUTORELEASING = YES;
				CLANG_WARN_BOOL_CONVERSION = YES;
				CLANG_WARN_COMMA = YES;
				CLANG_WARN_CONSTANT_CONVERSION = YES;
				CLANG_WARN_DEPRECATED_OBJC_IMPLEMENTATIONS = YES;
				CLANG_WARN_DIRECT_OBJC_ISA_USAGE = YES_ERROR;
				CLANG_WARN_DOCUMENTATION_COMMENTS = YES;
				CLANG_WARN_EMPTY_BODY = YES;
				CLANG_WARN_ENUM_CONVERSION = YES;
				CLANG_WARN_INFINITE_RECURSION = YES;
				CLANG_WARN_INT_CONVERSION = YES;
				CLANG_WARN_NON_LITERAL_NULL_CONVERSION = YES;
				CLANG_WARN_OBJC_IMPLICIT_RETAIN_SELF = YES;
				CLANG_WARN_OBJC_LITERAL_CONVERSION = YES;
				CLANG_WARN_OBJC_ROOT_CLASS = YES_ERROR;
				CLANG_WARN_QUOTED_INCLUDE_IN_FRAMEWORK_HEADER = YES;
				CLANG_WARN_RANGE_LOOP_ANALYSIS = YES;
				CLANG_WARN_STRICT_PROTOTYPES = YES;
				CLANG_WARN_SUSPICIOUS_MOVE = YES;
				CLANG_WARN_UNGUARDED_AVAILABILITY = YES_AGGRESSIVE;
				CLANG_WARN_UNREACHABLE_CODE = YES;
				CLANG_WARN__DUPLICATE_METHOD_MATCH = YES;
				COPY_PHASE_STRIP = NO;
				DEBUG_INFORMATION_FORMAT = dwarf;
				ENABLE_STRICT_OBJC_MSGSEND = YES;
				ENABLE_TESTABILITY = YES;
				GCC_C_LANGUAGE_STANDARD = gnu11;
				GCC_DYNAMIC_NO_PIC = NO;
				GCC_NO_COMMON_BLOCKS = YES;
				GCC_OPTIMIZATION_LEVEL = 0;
				GCC_PREPROCESSOR_DEFINITIONS = (
					"DEBUG=1",
					"$(inherited)",
				);
				GCC_WARN_64_TO_32_BIT_CONVERSION = YES;
				GCC_WARN_ABOUT_RETURN_TYPE = YES_ERROR;
				GCC_WARN_UNDECLARED_SELECTOR = YES;
				GCC_WARN_UNINITIALIZED_AUTOS = YES_AGGRESSIVE;
				GCC_WARN_UNUSED_FUNCTION = YES;
				GCC_WARN_UNUSED_VARIABLE = YES;
				MTL_ENABLE_DEBUG_INFO = INCLUDE_SOURCE;
				MTL_FAST_MATH = YES;
				ONLY_ACTIVE_ARCH = YES;
				SDKROOT = iphoneos;
				SWIFT_ACTIVE_COMPILATION_CONDITIONS = DEBUG;
				SWIFT_OPTIMIZATION_LEVEL = "-Onone";
			};
			name = Debug;
		};
		00A7C7092701326A007855B2 /* Release */ = {
			isa = XCBuildConfiguration;
			buildSettings = {
				ALWAYS_SEARCH_USER_PATHS = NO;
				CLANG_ANALYZER_NONNULL = YES;
				CLANG_ANALYZER_NUMBER_OBJECT_CONVERSION = YES_AGGRESSIVE;
				CLANG_CXX_LANGUAGE_STANDARD = "gnu++17";
				CLANG_CXX_LIBRARY = "libc++";
				CLANG_ENABLE_MODULES = YES;
				CLANG_ENABLE_OBJC_ARC = YES;
				CLANG_ENABLE_OBJC_WEAK = YES;
				CLANG_WARN_BLOCK_CAPTURE_AUTORELEASING = YES;
				CLANG_WARN_BOOL_CONVERSION = YES;
				CLANG_WARN_COMMA = YES;
				CLANG_WARN_CONSTANT_CONVERSION = YES;
				CLANG_WARN_DEPRECATED_OBJC_IMPLEMENTATIONS = YES;
				CLANG_WARN_DIRECT_OBJC_ISA_USAGE = YES_ERROR;
				CLANG_WARN_DOCUMENTATION_COMMENTS = YES;
				CLANG_WARN_EMPTY_BODY = YES;
				CLANG_WARN_ENUM_CONVERSION = YES;
				CLANG_WARN_INFINITE_RECURSION = YES;
				CLANG_WARN_INT_CONVERSION = YES;
				CLANG_WARN_NON_LITERAL_NULL_CONVERSION = YES;
				CLANG_WARN_OBJC_IMPLICIT_RETAIN_SELF = YES;
				CLANG_WARN_OBJC_LITERAL_CONVERSION = YES;
				CLANG_WARN_OBJC_ROOT_CLASS = YES_ERROR;
				CLANG_WARN_QUOTED_INCLUDE_IN_FRAMEWORK_HEADER = YES;
				CLANG_WARN_RANGE_LOOP_ANALYSIS = YES;
				CLANG_WARN_STRICT_PROTOTYPES = YES;
				CLANG_WARN_SUSPICIOUS_MOVE = YES;
				CLANG_WARN_UNGUARDED_AVAILABILITY = YES_AGGRESSIVE;
				CLANG_WARN_UNREACHABLE_CODE = YES;
				CLANG_WARN__DUPLICATE_METHOD_MATCH = YES;
				COPY_PHASE_STRIP = NO;
				DEBUG_INFORMATION_FORMAT = "dwarf-with-dsym";
				ENABLE_NS_ASSERTIONS = NO;
				ENABLE_STRICT_OBJC_MSGSEND = YES;
				GCC_C_LANGUAGE_STANDARD = gnu11;
				GCC_NO_COMMON_BLOCKS = YES;
				GCC_WARN_64_TO_32_BIT_CONVERSION = YES;
				GCC_WARN_ABOUT_RETURN_TYPE = YES_ERROR;
				GCC_WARN_UNDECLARED_SELECTOR = YES;
				GCC_WARN_UNINITIALIZED_AUTOS = YES_AGGRESSIVE;
				GCC_WARN_UNUSED_FUNCTION = YES;
				GCC_WARN_UNUSED_VARIABLE = YES;
				MTL_ENABLE_DEBUG_INFO = NO;
				MTL_FAST_MATH = YES;
				SDKROOT = iphoneos;
				SWIFT_COMPILATION_MODE = wholemodule;
				SWIFT_OPTIMIZATION_LEVEL = "-O";
				VALIDATE_PRODUCT = YES;
			};
			name = Release;
		};
		00A7C70B2701326A007855B2 /* Debug */ = {
			isa = XCBuildConfiguration;
			buildSettings = {
				ASSETCATALOG_COMPILER_COMPLICATION_NAME = Complication;
				CODE_SIGN_STYLE = Automatic;
				CURRENT_PROJECT_VERSION = 1;
				DEVELOPMENT_ASSET_PATHS = "\"HelloAppleWatch WatchKit Extension/Preview Content\"";
				DEVELOPMENT_TEAM = 5ZPGN7495W;
				ENABLE_PREVIEWS = YES;
				GENERATE_INFOPLIST_FILE = YES;
				INFOPLIST_FILE = "HelloAppleWatch WatchKit Extension/Info.plist";
				INFOPLIST_KEY_CFBundleDisplayName = "HelloAppleWatch WatchKit Extension";
				INFOPLIST_KEY_CLKComplicationPrincipalClass = "$(PRODUCT_MODULE_NAME).ComplicationController";
				INFOPLIST_KEY_NSHumanReadableCopyright = "";
				INFOPLIST_KEY_WKWatchOnly = YES;
				LD_RUNPATH_SEARCH_PATHS = (
					"$(inherited)",
					"@executable_path/Frameworks",
					"@executable_path/../../Frameworks",
				);
				MARKETING_VERSION = 1.0;
				PRODUCT_BUNDLE_IDENTIFIER = adash333.HelloAppleWatch.watchkitapp.watchkitextension;
				PRODUCT_NAME = "${TARGET_NAME}";
				SDKROOT = watchos;
				SKIP_INSTALL = YES;
				SWIFT_EMIT_LOC_STRINGS = YES;
				SWIFT_VERSION = 5.0;
				TARGETED_DEVICE_FAMILY = 4;
				WATCHOS_DEPLOYMENT_TARGET = 8.0;
			};
			name = Debug;
		};
		00A7C70C2701326A007855B2 /* Release */ = {
			isa = XCBuildConfiguration;
			buildSettings = {
				ASSETCATALOG_COMPILER_COMPLICATION_NAME = Complication;
				CODE_SIGN_STYLE = Automatic;
				CURRENT_PROJECT_VERSION = 1;
				DEVELOPMENT_ASSET_PATHS = "\"HelloAppleWatch WatchKit Extension/Preview Content\"";
				DEVELOPMENT_TEAM = 5ZPGN7495W;
				ENABLE_PREVIEWS = YES;
				GENERATE_INFOPLIST_FILE = YES;
				INFOPLIST_FILE = "HelloAppleWatch WatchKit Extension/Info.plist";
				INFOPLIST_KEY_CFBundleDisplayName = "HelloAppleWatch WatchKit Extension";
				INFOPLIST_KEY_CLKComplicationPrincipalClass = "$(PRODUCT_MODULE_NAME).ComplicationController";
				INFOPLIST_KEY_NSHumanReadableCopyright = "";
				INFOPLIST_KEY_WKWatchOnly = YES;
				LD_RUNPATH_SEARCH_PATHS = (
					"$(inherited)",
					"@executable_path/Frameworks",
					"@executable_path/../../Frameworks",
				);
				MARKETING_VERSION = 1.0;
				PRODUCT_BUNDLE_IDENTIFIER = adash333.HelloAppleWatch.watchkitapp.watchkitextension;
				PRODUCT_NAME = "${TARGET_NAME}";
				SDKROOT = watchos;
				SKIP_INSTALL = YES;
				SWIFT_EMIT_LOC_STRINGS = YES;
				SWIFT_VERSION = 5.0;
				TARGETED_DEVICE_FAMILY = 4;
				WATCHOS_DEPLOYMENT_TARGET = 8.0;
			};
			name = Release;
		};
		00A7C70F2701326A007855B2 /* Debug */ = {
			isa = XCBuildConfiguration;
			buildSettings = {
				ALWAYS_EMBED_SWIFT_STANDARD_LIBRARIES = YES;
				ASSETCATALOG_COMPILER_APPICON_NAME = AppIcon;
				ASSETCATALOG_COMPILER_GLOBAL_ACCENT_COLOR_NAME = AccentColor;
				CODE_SIGN_STYLE = Automatic;
				CURRENT_PROJECT_VERSION = 1;
				DEVELOPMENT_TEAM = 5ZPGN7495W;
				GENERATE_INFOPLIST_FILE = YES;
				IBSC_MODULE = HelloAppleWatch_WatchKit_Extension;
				INFOPLIST_KEY_CFBundleDisplayName = "HelloAppleWatch WatchKit App";
				INFOPLIST_KEY_UISupportedInterfaceOrientations = "UIInterfaceOrientationPortrait UIInterfaceOrientationPortraitUpsideDown";
				MARKETING_VERSION = 1.0;
				PRODUCT_BUNDLE_IDENTIFIER = adash333.HelloAppleWatch.watchkitapp;
				PRODUCT_NAME = "$(TARGET_NAME)";
				SDKROOT = watchos;
				SKIP_INSTALL = YES;
				SWIFT_EMIT_LOC_STRINGS = YES;
				SWIFT_VERSION = 5.0;
				TARGETED_DEVICE_FAMILY = 4;
				WATCHOS_DEPLOYMENT_TARGET = 8.0;
			};
			name = Debug;
		};
		00A7C7102701326A007855B2 /* Release */ = {
			isa = XCBuildConfiguration;
			buildSettings = {
				ALWAYS_EMBED_SWIFT_STANDARD_LIBRARIES = YES;
				ASSETCATALOG_COMPILER_APPICON_NAME = AppIcon;
				ASSETCATALOG_COMPILER_GLOBAL_ACCENT_COLOR_NAME = AccentColor;
				CODE_SIGN_STYLE = Automatic;
				CURRENT_PROJECT_VERSION = 1;
				DEVELOPMENT_TEAM = 5ZPGN7495W;
				GENERATE_INFOPLIST_FILE = YES;
				IBSC_MODULE = HelloAppleWatch_WatchKit_Extension;
				INFOPLIST_KEY_CFBundleDisplayName = "HelloAppleWatch WatchKit App";
				INFOPLIST_KEY_UISupportedInterfaceOrientations = "UIInterfaceOrientationPortrait UIInterfaceOrientationPortraitUpsideDown";
				MARKETING_VERSION = 1.0;
				PRODUCT_BUNDLE_IDENTIFIER = adash333.HelloAppleWatch.watchkitapp;
				PRODUCT_NAME = "$(TARGET_NAME)";
				SDKROOT = watchos;
				SKIP_INSTALL = YES;
				SWIFT_EMIT_LOC_STRINGS = YES;
				SWIFT_VERSION = 5.0;
				TARGETED_DEVICE_FAMILY = 4;
				WATCHOS_DEPLOYMENT_TARGET = 8.0;
			};
			name = Release;
		};
		00A7C7132701326A007855B2 /* Debug */ = {
			isa = XCBuildConfiguration;
			buildSettings = {
				CODE_SIGN_STYLE = Automatic;
				CURRENT_PROJECT_VERSION = 1;
				DEVELOPMENT_TEAM = 5ZPGN7495W;
				MARKETING_VERSION = 1.0;
				PRODUCT_BUNDLE_IDENTIFIER = adash333.HelloAppleWatch;
				PRODUCT_NAME = "$(TARGET_NAME)";
				SWIFT_VERSION = 5.0;
			};
			name = Debug;
		};
		00A7C7142701326A007855B2 /* Release */ = {
			isa = XCBuildConfiguration;
			buildSettings = {
				CODE_SIGN_STYLE = Automatic;
				CURRENT_PROJECT_VERSION = 1;
				DEVELOPMENT_TEAM = 5ZPGN7495W;
				MARKETING_VERSION = 1.0;
				PRODUCT_BUNDLE_IDENTIFIER = adash333.HelloAppleWatch;
				PRODUCT_NAME = "$(TARGET_NAME)";
				SWIFT_VERSION = 5.0;
			};
			name = Release;
		};
/* End XCBuildConfiguration section */

/* Begin XCConfigurationList section */
		00A7C6E527013268007855B2 /* Build configuration list for PBXProject "HelloAppleWatch" */ = {
			isa = XCConfigurationList;
			buildConfigurations = (
				00A7C7082701326A007855B2 /* Debug */,
				00A7C7092701326A007855B2 /* Release */,
			);
			defaultConfigurationIsVisible = 0;
			defaultConfigurationName = Release;
		};
		00A7C70A2701326A007855B2 /* Build configuration list for PBXNativeTarget "HelloAppleWatch WatchKit Extension" */ = {
			isa = XCConfigurationList;
			buildConfigurations = (
				00A7C70B2701326A007855B2 /* Debug */,
				00A7C70C2701326A007855B2 /* Release */,
			);
			defaultConfigurationIsVisible = 0;
			defaultConfigurationName = Release;
		};
		00A7C70E2701326A007855B2 /* Build configuration list for PBXNativeTarget "HelloAppleWatch WatchKit App" */ = {
			isa = XCConfigurationList;
			buildConfigurations = (
				00A7C70F2701326A007855B2 /* Debug */,
				00A7C7102701326A007855B2 /* Release */,
			);
			defaultConfigurationIsVisible = 0;
			defaultConfigurationName = Release;
		};
		00A7C7122701326A007855B2 /* Build configuration list for PBXNativeTarget "HelloAppleWatch" */ = {
			isa = XCConfigurationList;
			buildConfigurations = (
				00A7C7132701326A007855B2 /* Debug */,
				00A7C7142701326A007855B2 /* Release */,
			);
			defaultConfigurationIsVisible = 0;
			defaultConfigurationName = Release;
		};
/* End XCConfigurationList section */
	};
	rootObject = 00A7C6E227013268007855B2 /* Project object */;
}
